
Microsoft Visual Studio Solution File, Format Version 10.00
# Visual Studio 2008
Project("{8BC9CEB8-8B4A-11D0-8D11-00A0C91BC942}") = "calc", "calc.vcproj", "{69C5D93D-0D89-4054-8EC0-457DC34B6369}"
EndProject
Global
	GlobalSection(SolutionConfigurationPlatforms) = preSolution
		Debug|Win32 = Debug|Win32
		Release|Win32 = Release|Win32
	EndGlobalSection
	GlobalSection(ProjectConfigurationPlatforms) = postSolution
		{69C5D93D-0D89-4054-8EC0-457DC34B6369}.Debug|Win32.ActiveCfg = Debug|Win32
		{69C5D93D-0D89-4054-8EC0-457DC34B6369}.Debug|Win32.Build.0 = Debug|Win32
		{69C5D93D-0D89-4054-8EC0-457DC34B6369}.Release|Win32.ActiveCfg = Release|Win32
		{69C5D93D-0D89-4054-8EC0-457DC34B6369}.Release|Win32.Build.0 = Release|Win32
	EndGlobalSection
	GlobalSection(SolutionProperties) = preSolution
		HideSolutionNode = FALSE
	EndGlobalSection
EndGlobal
