
Microsoft Visual Studio Solution File, Format Version 10.00
# Visual Studio 2008
Project("{8BC9CEB8-8B4A-11D0-8D11-00A0C91BC942}") = "sudoku", "sudoku.vcproj", "{4F4E3BF6-5391-476B-B20E-58D21CAEA55F}"
EndProject
Global
	GlobalSection(SolutionConfigurationPlatforms) = preSolution
		Debug|Win32 = Debug|Win32
		Release|Win32 = Release|Win32
	EndGlobalSection
	GlobalSection(ProjectConfigurationPlatforms) = postSolution
		{4F4E3BF6-5391-476B-B20E-58D21CAEA55F}.Debug|Win32.ActiveCfg = Debug|Win32
		{4F4E3BF6-5391-476B-B20E-58D21CAEA55F}.Debug|Win32.Build.0 = Debug|Win32
		{4F4E3BF6-5391-476B-B20E-58D21CAEA55F}.Release|Win32.ActiveCfg = Release|Win32
		{4F4E3BF6-5391-476B-B20E-58D21CAEA55F}.Release|Win32.Build.0 = Release|Win32
	EndGlobalSection
	GlobalSection(SolutionProperties) = preSolution
		HideSolutionNode = FALSE
	EndGlobalSection
EndGlobal
